PODS:
  - CocoaAsyncSocket (7.5.1):
    - CocoaAsyncSocket/GCD (= 7.5.1)
  - CocoaAsyncSocket/GCD (7.5.1)
  - CocoaMQTT (1.0.15):
    - CocoaAsyncSocket (~> 7.5.1)
    - SwiftyTimer (~> 2.0.0)
  - SSZipArchive (1.8.1)
  - SwiftyTimer (2.0.0)
  - UIColor+Hex (1.0.1):
    - UIColor+Hex/NSColor (= 1.0.1)
    - UIColor+Hex/UIColor (= 1.0.1)
  - UIColor+Hex/UIColor (1.0.1)

DEPENDENCIES:
  - CocoaMQTT (~> 1.0.9)
  - SSZipArchive (~> 1.5)
  - UIColor+Hex (~> 1.0.1)

SPEC CHECKSUMS:
  CocoaAsyncSocket: e0a7e93b2ffa411592ff87e58524fbbc9b95b4fa
  CocoaMQTT: b6e0c381c3af08ebc107bbe4a005ea05f6578222
  SSZipArchive: 04547dfa448be5ed7ecbaf7eaf8a6e9eb9b42997
  SwiftyTimer: 2efd74b060d69ad4f1496baf5bbedbe132125fcf
  UIColor+Hex: 9fee91bb8e19f17dd40a79ae1e98949a6a84489d

PODFILE CHECKSUM: 61130a0be726f5173e1d07dcb914125b96079493

COCOAPODS: 1.2.0
